# This file is generated by running "yarn install" inside your project.
# Manual changes might be lost - proceed with caution!

__metadata:
  version: 6
  cacheKey: 8

"glob@npm:^7.1.3":
  version: 7.2.3
  resolution: "glob@npm:7.2.3"
  checksum: 29c6f0e
  languageName: node
  linkType: hard

"js-tokens@npm:^4.0.0":
  version: 4.0.0
  resolution: "js-tokens@npm:4.0.0"
  checksum: 8a95213
  languageName: node
  linkType: hard

"lodash@npm:^4.17.15":
  version: 4.17.21
  resolution: "lodash@npm:4.17.21"
  checksum: eb835a2
  languageName: node
  linkType: hard

"react-dom@npm:^17.0.2":
  version: 17.0.2
  resolution: "react-dom@npm:17.0.2"
  dependencies:
    js-tokens: "npm:^4.0.0"
  peerDependencies:
    react: ^17.0.2
  checksum: 51d3d02
  languageName: node
  linkType: hard

"rimraf@npm:^3.0.2":
  version: 3.0.2
  resolution: "rimraf@npm:3.0.2"
  dependencies:
    glob: "npm:^7.1.3"
  bin:
    rimraf: bin.js
  checksum: 87f4164
  languageName: node
  linkType: hard

"web@workspace:apps/web":
  version: 0.0.0-use.local
  resolution: "web@workspace:apps/web"
  dependencies:
    react-dom: "npm:^17.0.2"
  languageName: unknown
  linkType: soft

"yarn-berry@workspace:.":
  version: 0.0.0-use.local
  resolution: "yarn-berry@workspace:."
  dependencies:
    lodash: "npm:^4.17.15"
  devDependencies:
    rimraf: "npm:^3.0.2"
  languageName: unknown
  linkType: soft
