# THIS IS AN AUTOGENERATED FILE. DO NOT EDIT THIS FILE DIRECTLY.
# yarn lockfile v1


"@babel/code-frame@^7.0.0", "@babel/code-frame@^7.10.4":
  version "7.12.11"
  resolved "https://registry.yarnpkg.com/@babel/code-frame/-/code-frame-7.12.11.tgz#f4ad435a"
  integrity sha512-code-frame
  dependencies:
    "@babel/highlight" "^7.10.4"

"@babel/highlight@^7.10.4":
  version "7.16.0"
  resolved "https://registry.yarnpkg.com/@babel/highlight/-/highlight-7.16.0.tgz#6bd1e6b"
  integrity sha512-highlight
  dependencies:
    js-tokens "^4.0.0"

glob@^7.1.3:
  version "7.2.3"
  resolved "https://registry.yarnpkg.com/glob/-/glob-7.2.3.tgz#b8df0fb"
  integrity sha512-glob

js-tokens@^4.0.0:
  version "4.0.0"
  resolved "https://registry.yarnpkg.com/js-tokens/-/js-tokens-4.0.0.tgz#19203fb"
  integrity sha512-js-tokens

lodash@^4.17.15:
  version "4.17.21"
  resolved "https://registry.yarnpkg.com/lodash/-/lodash-4.17.21.tgz#679591c5"
  integrity sha512-lodash

react-dom@^17.0.2:
  version "17.0.2"
  resolved "https://registry.yarnpkg.com/react-dom/-/react-dom-17.0.2.tgz#ecffb63"
  integrity sha512-react-dom
  dependencies:
    js-tokens "^4.0.0"
  peerDependencies:
    react "^17.0.2"
  peerDependenciesMeta:
    react:
      optional: true

rimraf@^3.0.2:
  version "3.0.2"
  resolved "https://registry.yarnpkg.com/rimraf/-/rimraf-3.0.2.tgz#f1a5402b"
  integrity sha512-rimraf
  dependencies:
    glob "^7.1.3"
